
Microsoft Visual Studio Solution File, Format Version 12.00
# Visual Studio Version 16
VisualStudioVersion = 16.0.32630.194
MinimumVisualStudioVersion = 10.0.40219.1
Project("{FAE04EC0-301F-11D3-BF4B-00C04F79EFBC}") = "Ferma.Mvc", "Ferma.Mvc\Ferma.Mvc.csproj", "{F9D010B7-6A59-49FB-818D-2B3126EA5C51}"
EndProject
Project("{FAE04EC0-301F-11D3-BF4B-00C04F79EFBC}") = "Ferma.Core", "Ferma.Core\Ferma.Core.csproj", "{4AAE2A35-BF61-4AFC-BB6B-B9E25F5A9E83}"
EndProject
Project("{FAE04EC0-301F-11D3-BF4B-00C04F79EFBC}") = "Ferma.Data", "Ferma.Data\Ferma.Data.csproj", "{817F72A0-4E11-4B9E-8CBB-0451DB18DDAF}"
EndProject
Project("{FAE04EC0-301F-11D3-BF4B-00C04F79EFBC}") = "Ferma.Service", "Ferma.Service\Ferma.Service.csproj", "{36F7407D-549A-43A6-B598-5B58F03149AB}"
EndProject
Project("{FAE04EC0-301F-11D3-BF4B-00C04F79EFBC}") = "Ferma.Api", "Ferma.Api\Ferma.Api.csproj", "{971ACB1F-F69D-4F6E-BCAF-751963F1E4A9}"
EndProject
Global
	GlobalSection(SolutionConfigurationPlatforms) = preSolution
		Debug|Any CPU = Debug|Any CPU
		Release|Any CPU = Release|Any CPU
	EndGlobalSection
	GlobalSection(ProjectConfigurationPlatforms) = postSolution
		{F9D010B7-6A59-49FB-818D-2B3126EA5C51}.Debug|Any CPU.ActiveCfg = Debug|Any CPU
		{F9D010B7-6A59-49FB-818D-2B3126EA5C51}.Debug|Any CPU.Build.0 = Debug|Any CPU
		{F9D010B7-6A59-49FB-818D-2B3126EA5C51}.Release|Any CPU.ActiveCfg = Release|Any CPU
		{F9D010B7-6A59-49FB-818D-2B3126EA5C51}.Release|Any CPU.Build.0 = Release|Any CPU
		{4AAE2A35-BF61-4AFC-BB6B-B9E25F5A9E83}.Debug|Any CPU.ActiveCfg = Debug|Any CPU
		{4AAE2A35-BF61-4AFC-BB6B-B9E25F5A9E83}.Debug|Any CPU.Build.0 = Debug|Any CPU
		{4AAE2A35-BF61-4AFC-BB6B-B9E25F5A9E83}.Release|Any CPU.ActiveCfg = Release|Any CPU
		{4AAE2A35-BF61-4AFC-BB6B-B9E25F5A9E83}.Release|Any CPU.Build.0 = Release|Any CPU
		{817F72A0-4E11-4B9E-8CBB-0451DB18DDAF}.Debug|Any CPU.ActiveCfg = Debug|Any CPU
		{817F72A0-4E11-4B9E-8CBB-0451DB18DDAF}.Debug|Any CPU.Build.0 = Debug|Any CPU
		{817F72A0-4E11-4B9E-8CBB-0451DB18DDAF}.Release|Any CPU.ActiveCfg = Release|Any CPU
		{817F72A0-4E11-4B9E-8CBB-0451DB18DDAF}.Release|Any CPU.Build.0 = Release|Any CPU
		{36F7407D-549A-43A6-B598-5B58F03149AB}.Debug|Any CPU.ActiveCfg = Debug|Any CPU
		{36F7407D-549A-43A6-B598-5B58F03149AB}.Debug|Any CPU.Build.0 = Debug|Any CPU
		{36F7407D-549A-43A6-B598-5B58F03149AB}.Release|Any CPU.ActiveCfg = Release|Any CPU
		{36F7407D-549A-43A6-B598-5B58F03149AB}.Release|Any CPU.Build.0 = Release|Any CPU
		{971ACB1F-F69D-4F6E-BCAF-751963F1E4A9}.Debug|Any CPU.ActiveCfg = Debug|Any CPU
		{971ACB1F-F69D-4F6E-BCAF-751963F1E4A9}.Debug|Any CPU.Build.0 = Debug|Any CPU
		{971ACB1F-F69D-4F6E-BCAF-751963F1E4A9}.Release|Any CPU.ActiveCfg = Release|Any CPU
		{971ACB1F-F69D-4F6E-BCAF-751963F1E4A9}.Release|Any CPU.Build.0 = Release|Any CPU
	EndGlobalSection
	GlobalSection(SolutionProperties) = preSolution
		HideSolutionNode = FALSE
	EndGlobalSection
	GlobalSection(ExtensibilityGlobals) = postSolution
		SolutionGuid = {E8A67E89-FE86-41FE-ACE2-37E31270CA0C}
	EndGlobalSection
EndGlobal
